
Microsoft Visual Studio Solution File, Format Version 12.00
# Visual Studio Version 16
VisualStudioVersion = 16.0.32106.194
MinimumVisualStudioVersion = 10.0.40219.1
Project("{FAE04EC0-301F-11D3-BF4B-00C04F79EFBC}") = "LoopsandRandomNumbers2604", "LoopsandRandomNumbers2604\LoopsandRandomNumbers2604.csproj", "{210DC432-9748-4E00-B772-DB8B7AEFE188}"
EndProject
Project("{FAE04EC0-301F-11D3-BF4B-00C04F79EFBC}") = "PINInfiniteLoop", "PINInfiniteLoop\PINInfiniteLoop.csproj", "{778BF9AF-AD0A-4694-A127-AAEEAC5749EC}"
EndProject
Project("{FAE04EC0-301F-11D3-BF4B-00C04F79EFBC}") = "RandomNumber", "RandomNumber\RandomNumber.csproj", "{B8F7806A-F4AF-4318-A1D9-281C87F3157A}"
EndProject
Project("{FAE04EC0-301F-11D3-BF4B-00C04F79EFBC}") = "GuessingGameInfinite", "GuessingGameInfinite\GuessingGameInfinite.csproj", "{3EAEBE12-EBA7-4012-A43C-D405B3659655}"
EndProject
Project("{FAE04EC0-301F-11D3-BF4B-00C04F79EFBC}") = "GuessingGameThreeTries", "GuessingGameThreeTries\GuessingGameThreeTries.csproj", "{521D8788-A7F1-4EDF-8303-5024834DBF89}"
EndProject
Global
	GlobalSection(SolutionConfigurationPlatforms) = preSolution
		Debug|Any CPU = Debug|Any CPU
		Release|Any CPU = Release|Any CPU
	EndGlobalSection
	GlobalSection(ProjectConfigurationPlatforms) = postSolution
		{210DC432-9748-4E00-B772-DB8B7AEFE188}.Debug|Any CPU.ActiveCfg = Debug|Any CPU
		{210DC432-9748-4E00-B772-DB8B7AEFE188}.Debug|Any CPU.Build.0 = Debug|Any CPU
		{210DC432-9748-4E00-B772-DB8B7AEFE188}.Release|Any CPU.ActiveCfg = Release|Any CPU
		{210DC432-9748-4E00-B772-DB8B7AEFE188}.Release|Any CPU.Build.0 = Release|Any CPU
		{778BF9AF-AD0A-4694-A127-AAEEAC5749EC}.Debug|Any CPU.ActiveCfg = Debug|Any CPU
		{778BF9AF-AD0A-4694-A127-AAEEAC5749EC}.Debug|Any CPU.Build.0 = Debug|Any CPU
		{778BF9AF-AD0A-4694-A127-AAEEAC5749EC}.Release|Any CPU.ActiveCfg = Release|Any CPU
		{778BF9AF-AD0A-4694-A127-AAEEAC5749EC}.Release|Any CPU.Build.0 = Release|Any CPU
		{B8F7806A-F4AF-4318-A1D9-281C87F3157A}.Debug|Any CPU.ActiveCfg = Debug|Any CPU
		{B8F7806A-F4AF-4318-A1D9-281C87F3157A}.Debug|Any CPU.Build.0 = Debug|Any CPU
		{B8F7806A-F4AF-4318-A1D9-281C87F3157A}.Release|Any CPU.ActiveCfg = Release|Any CPU
		{B8F7806A-F4AF-4318-A1D9-281C87F3157A}.Release|Any CPU.Build.0 = Release|Any CPU
		{3EAEBE12-EBA7-4012-A43C-D405B3659655}.Debug|Any CPU.ActiveCfg = Debug|Any CPU
		{3EAEBE12-EBA7-4012-A43C-D405B3659655}.Debug|Any CPU.Build.0 = Debug|Any CPU
		{3EAEBE12-EBA7-4012-A43C-D405B3659655}.Release|Any CPU.ActiveCfg = Release|Any CPU
		{3EAEBE12-EBA7-4012-A43C-D405B3659655}.Release|Any CPU.Build.0 = Release|Any CPU
		{521D8788-A7F1-4EDF-8303-5024834DBF89}.Debug|Any CPU.ActiveCfg = Debug|Any CPU
		{521D8788-A7F1-4EDF-8303-5024834DBF89}.Debug|Any CPU.Build.0 = Debug|Any CPU
		{521D8788-A7F1-4EDF-8303-5024834DBF89}.Release|Any CPU.ActiveCfg = Release|Any CPU
		{521D8788-A7F1-4EDF-8303-5024834DBF89}.Release|Any CPU.Build.0 = Release|Any CPU
	EndGlobalSection
	GlobalSection(SolutionProperties) = preSolution
		HideSolutionNode = FALSE
	EndGlobalSection
	GlobalSection(ExtensibilityGlobals) = postSolution
		SolutionGuid = {34B440AC-129B-4AE5-9E0B-5A0EDFA97AC9}
	EndGlobalSection
EndGlobal
